
Microsoft Visual Studio Solution File, Format Version 12.00
# Visual Studio Version 17
VisualStudioVersion = 17.3.32929.385
MinimumVisualStudioVersion = 10.0.40219.1
Project("{FAE04EC0-301F-11D3-BF4B-00C04F79EFBC}") = "HousesProject", "HousesProject.csproj", "{96477CE7-036A-4CD1-B528-38F887935125}"
EndProject
Global
	GlobalSection(SolutionConfigurationPlatforms) = preSolution
		Debug|Any CPU = Debug|Any CPU
		Release|Any CPU = Release|Any CPU
	EndGlobalSection
	GlobalSection(ProjectConfigurationPlatforms) = postSolution
		{96477CE7-036A-4CD1-B528-38F887935125}.Debug|Any CPU.ActiveCfg = Debug|Any CPU
		{96477CE7-036A-4CD1-B528-38F887935125}.Debug|Any CPU.Build.0 = Debug|Any CPU
		{96477CE7-036A-4CD1-B528-38F887935125}.Release|Any CPU.ActiveCfg = Release|Any CPU
		{96477CE7-036A-4CD1-B528-38F887935125}.Release|Any CPU.Build.0 = Release|Any CPU
	EndGlobalSection
	GlobalSection(SolutionProperties) = preSolution
		HideSolutionNode = FALSE
	EndGlobalSection
	GlobalSection(ExtensibilityGlobals) = postSolution
		SolutionGuid = {808DD0FB-F5DF-4A47-8E87-4F31FA60F6CE}
	EndGlobalSection
EndGlobal
